{
  "name": "{{project_test_name}}",
  "version": "1.0.0",
  "lockfileVersion": 2,
  "requires": true,
  "packages": {
    "": {
      "name": "{{project_test_name}}",
      "version": "1.0.0",
      "license": "ISC",
      "devDependencies": {
        "axe-core": "^4.7.0"
      }
    },
    "node_modules/axe-core": {
      "version": "4.7.0",
      "resolved": "https://registry.npmjs.org/axe-core/-/axe-core-4.7.0.tgz",
      "integrity": "sha512-M0JtH+hlOL5pLQwHOLNYZaXuhqmvS8oExsqB1SBYgA4Dk7u/xx+YdGHXaK5pyUfed5mYXdlYiphWq3G8cRi5JQ==",
      "dev": true,
      "engines": {
        "node": ">=4"
      }
    }
  },
  "dependencies": {
    "axe-core": {
      "version": "4.7.0",
      "resolved": "https://registry.npmjs.org/axe-core/-/axe-core-4.7.0.tgz",
      "integrity": "sha512-M0JtH+hlOL5pLQwHOLNYZaXuhqmvS8oExsqB1SBYgA4Dk7u/xx+YdGHXaK5pyUfed5mYXdlYiphWq3G8cRi5JQ==",
      "dev": true
    }
  }
}
